
Microsoft Visual Studio Solution File, Format Version 12.00
# Visual Studio Version 16
VisualStudioVersion = 16.0.29920.165
MinimumVisualStudioVersion = 10.0.40219.1
Project("{FAE04EC0-301F-11D3-BF4B-00C04F79EFBC}") = "WebApplication1", "WebApplication1\WebApplication1.csproj", "{920F3680-0744-4112-BCCE-9CA3080B05E7}"
EndProject
Global
	GlobalSection(SolutionConfigurationPlatforms) = preSolution
		Debug|Any CPU = Debug|Any CPU
		Release|Any CPU = Release|Any CPU
	EndGlobalSection
	GlobalSection(ProjectConfigurationPlatforms) = postSolution
		{920F3680-0744-4112-BCCE-9CA3080B05E7}.Debug|Any CPU.ActiveCfg = Debug|Any CPU
		{920F3680-0744-4112-BCCE-9CA3080B05E7}.Debug|Any CPU.Build.0 = Debug|Any CPU
		{920F3680-0744-4112-BCCE-9CA3080B05E7}.Release|Any CPU.ActiveCfg = Release|Any CPU
		{920F3680-0744-4112-BCCE-9CA3080B05E7}.Release|Any CPU.Build.0 = Release|Any CPU
	EndGlobalSection
	GlobalSection(SolutionProperties) = preSolution
		HideSolutionNode = FALSE
	EndGlobalSection
	GlobalSection(ExtensibilityGlobals) = postSolution
		SolutionGuid = {E8CAD0B1-D263-485A-B427-B30B3D42294E}
	EndGlobalSection
EndGlobal
